
Microsoft Visual Studio Solution File, Format Version 12.00
# Visual Studio Version 17
VisualStudioVersion = 17.5.33530.505
MinimumVisualStudioVersion = 10.0.40219.1
Project("{FAE04EC0-301F-11D3-BF4B-00C04F79EFBC}") = "LiteMassenger", "LiteMassenger.csproj", "{C7177368-3349-42A4-A935-3C8929BAFEDA}"
EndProject
Global
	GlobalSection(SolutionConfigurationPlatforms) = preSolution
		Debug|Any CPU = Debug|Any CPU
		Release|Any CPU = Release|Any CPU
	EndGlobalSection
	GlobalSection(ProjectConfigurationPlatforms) = postSolution
		{C7177368-3349-42A4-A935-3C8929BAFEDA}.Debug|Any CPU.ActiveCfg = Debug|Any CPU
		{C7177368-3349-42A4-A935-3C8929BAFEDA}.Debug|Any CPU.Build.0 = Debug|Any CPU
		{C7177368-3349-42A4-A935-3C8929BAFEDA}.Release|Any CPU.ActiveCfg = Release|Any CPU
		{C7177368-3349-42A4-A935-3C8929BAFEDA}.Release|Any CPU.Build.0 = Release|Any CPU
	EndGlobalSection
	GlobalSection(SolutionProperties) = preSolution
		HideSolutionNode = FALSE
	EndGlobalSection
	GlobalSection(ExtensibilityGlobals) = postSolution
		SolutionGuid = {E45154FC-0A5D-48F8-8DED-57E8ADE07B51}
	EndGlobalSection
EndGlobal
